Microsoft Visual Studio Solution File, Format Version 12.00
# Visual Studio 2012
Project("{FAE04EC0-301F-11D3-BF4B-00C04F79EFBC}") = "fight-your-demons", "fight-your-demons.csproj", "{FEAA36D8-2C1B-47F4-AF9D-6FE8C74D5F4A}"
EndProject
Global
	GlobalSection(SolutionConfigurationPlatforms) = preSolution
	Debug|Any CPU = Debug|Any CPU
	ExportDebug|Any CPU = ExportDebug|Any CPU
	ExportRelease|Any CPU = ExportRelease|Any CPU
	EndGlobalSection
	GlobalSection(ProjectConfigurationPlatforms) = postSolution
		{FEAA36D8-2C1B-47F4-AF9D-6FE8C74D5F4A}.Debug|Any CPU.ActiveCfg = Debug|Any CPU
		{FEAA36D8-2C1B-47F4-AF9D-6FE8C74D5F4A}.Debug|Any CPU.Build.0 = Debug|Any CPU
		{FEAA36D8-2C1B-47F4-AF9D-6FE8C74D5F4A}.ExportDebug|Any CPU.ActiveCfg = ExportDebug|Any CPU
		{FEAA36D8-2C1B-47F4-AF9D-6FE8C74D5F4A}.ExportDebug|Any CPU.Build.0 = ExportDebug|Any CPU
		{FEAA36D8-2C1B-47F4-AF9D-6FE8C74D5F4A}.ExportRelease|Any CPU.ActiveCfg = ExportRelease|Any CPU
		{FEAA36D8-2C1B-47F4-AF9D-6FE8C74D5F4A}.ExportRelease|Any CPU.Build.0 = ExportRelease|Any CPU
	EndGlobalSection
EndGlobal
